
Microsoft Visual Studio Solution File, Format Version 12.00
# Visual Studio Version 17
VisualStudioVersion = 17.5.33414.496
MinimumVisualStudioVersion = 10.0.40219.1
Project("{FAE04EC0-301F-11D3-BF4B-00C04F79EFBC}") = "Library-Task4", "Library-Task4\Library-Task4.csproj", "{AF01D2C7-48A2-4196-B94F-DDE2A36C3499}"
EndProject
Global
	GlobalSection(SolutionConfigurationPlatforms) = preSolution
		Debug|Any CPU = Debug|Any CPU
		Release|Any CPU = Release|Any CPU
	EndGlobalSection
	GlobalSection(ProjectConfigurationPlatforms) = postSolution
		{AF01D2C7-48A2-4196-B94F-DDE2A36C3499}.Debug|Any CPU.ActiveCfg = Debug|Any CPU
		{AF01D2C7-48A2-4196-B94F-DDE2A36C3499}.Debug|Any CPU.Build.0 = Debug|Any CPU
		{AF01D2C7-48A2-4196-B94F-DDE2A36C3499}.Release|Any CPU.ActiveCfg = Release|Any CPU
		{AF01D2C7-48A2-4196-B94F-DDE2A36C3499}.Release|Any CPU.Build.0 = Release|Any CPU
	EndGlobalSection
	GlobalSection(SolutionProperties) = preSolution
		HideSolutionNode = FALSE
	EndGlobalSection
	GlobalSection(ExtensibilityGlobals) = postSolution
		SolutionGuid = {05809134-A04D-4610-B12E-D2E23B68F645}
	EndGlobalSection
EndGlobal
